
Microsoft Visual Studio Solution File, Format Version 12.00
# Visual Studio 15
VisualStudioVersion = 15.0.27130.2010
MinimumVisualStudioVersion = 10.0.40219.1
Project("{9A19103F-16F7-4668-BE54-9A1E7A4F7556}") = "Roadie.Api", "Roadie.Api\Roadie.Api.csproj", "{68C80416-0D72-409D-B727-3FEA7AB7FD2C}"
EndProject
Project("{9A19103F-16F7-4668-BE54-9A1E7A4F7556}") = "Roadie.Api.Library", "Roadie.Api.Library\Roadie.Api.Library.csproj", "{99DE01E6-A61C-4D7C-9DF7-513AD365D5E0}"
EndProject
Project("{9A19103F-16F7-4668-BE54-9A1E7A4F7556}") = "Roadie.Api.Library.Tests", "Roadie.Api.Library.Tests\Roadie.Api.Library.Tests.csproj", "{52E58F4B-88F0-4336-AD06-1184E857FA2C}"
EndProject
Project("{2150E333-8FDC-42A3-9474-1A3956D46DE8}") = "Scripts", "Scripts", "{1BA7115B-6E37-4546-BBD6-C8B0787A3FE0}"
	ProjectSection(SolutionItems) = preProject
		roadie.sql = roadie.sql
	EndProjectSection
EndProject
Project("{9A19103F-16F7-4668-BE54-9A1E7A4F7556}") = "Roadie.Api.Services", "Roadie.Api.Services\Roadie.Api.Services.csproj", "{7B37031E-F2AE-4BE2-9F6F-005CA7A6FDF1}"
EndProject
Project("{9A19103F-16F7-4668-BE54-9A1E7A4F7556}") = "Roadie.Api.Hubs", "Roadie.Api.Hubs\Roadie.Api.Hubs.csproj", "{E740C89E-3363-4577-873B-0871823E252C}"
EndProject
Global
	GlobalSection(SolutionConfigurationPlatforms) = preSolution
		Debug|Any CPU = Debug|Any CPU
		Debug|x64 = Debug|x64
		Release|Any CPU = Release|Any CPU
		Release|x64 = Release|x64
	EndGlobalSection
	GlobalSection(ProjectConfigurationPlatforms) = postSolution
		{68C80416-0D72-409D-B727-3FEA7AB7FD2C}.Debug|Any CPU.ActiveCfg = Debug|Any CPU
		{68C80416-0D72-409D-B727-3FEA7AB7FD2C}.Debug|Any CPU.Build.0 = Debug|Any CPU
		{68C80416-0D72-409D-B727-3FEA7AB7FD2C}.Debug|x64.ActiveCfg = Debug|x64
		{68C80416-0D72-409D-B727-3FEA7AB7FD2C}.Debug|x64.Build.0 = Debug|x64
		{68C80416-0D72-409D-B727-3FEA7AB7FD2C}.Release|Any CPU.ActiveCfg = Release|Any CPU
		{68C80416-0D72-409D-B727-3FEA7AB7FD2C}.Release|Any CPU.Build.0 = Release|Any CPU
		{68C80416-0D72-409D-B727-3FEA7AB7FD2C}.Release|x64.ActiveCfg = Release|x64
		{68C80416-0D72-409D-B727-3FEA7AB7FD2C}.Release|x64.Build.0 = Release|x64
		{99DE01E6-A61C-4D7C-9DF7-513AD365D5E0}.Debug|Any CPU.ActiveCfg = Debug|Any CPU
		{99DE01E6-A61C-4D7C-9DF7-513AD365D5E0}.Debug|Any CPU.Build.0 = Debug|Any CPU
		{99DE01E6-A61C-4D7C-9DF7-513AD365D5E0}.Debug|x64.ActiveCfg = Debug|x64
		{99DE01E6-A61C-4D7C-9DF7-513AD365D5E0}.Debug|x64.Build.0 = Debug|x64
		{99DE01E6-A61C-4D7C-9DF7-513AD365D5E0}.Release|Any CPU.ActiveCfg = Release|Any CPU
		{99DE01E6-A61C-4D7C-9DF7-513AD365D5E0}.Release|Any CPU.Build.0 = Release|Any CPU
		{99DE01E6-A61C-4D7C-9DF7-513AD365D5E0}.Release|x64.ActiveCfg = Release|x64
		{99DE01E6-A61C-4D7C-9DF7-513AD365D5E0}.Release|x64.Build.0 = Release|x64
		{52E58F4B-88F0-4336-AD06-1184E857FA2C}.Debug|Any CPU.ActiveCfg = Debug|Any CPU
		{52E58F4B-88F0-4336-AD06-1184E857FA2C}.Debug|Any CPU.Build.0 = Debug|Any CPU
		{52E58F4B-88F0-4336-AD06-1184E857FA2C}.Debug|x64.ActiveCfg = Debug|x64
		{52E58F4B-88F0-4336-AD06-1184E857FA2C}.Debug|x64.Build.0 = Debug|x64
		{52E58F4B-88F0-4336-AD06-1184E857FA2C}.Release|Any CPU.ActiveCfg = Release|Any CPU
		{52E58F4B-88F0-4336-AD06-1184E857FA2C}.Release|Any CPU.Build.0 = Release|Any CPU
		{52E58F4B-88F0-4336-AD06-1184E857FA2C}.Release|x64.ActiveCfg = Release|x64
		{52E58F4B-88F0-4336-AD06-1184E857FA2C}.Release|x64.Build.0 = Release|x64
		{7B37031E-F2AE-4BE2-9F6F-005CA7A6FDF1}.Debug|Any CPU.ActiveCfg = Debug|Any CPU
		{7B37031E-F2AE-4BE2-9F6F-005CA7A6FDF1}.Debug|Any CPU.Build.0 = Debug|Any CPU
		{7B37031E-F2AE-4BE2-9F6F-005CA7A6FDF1}.Debug|x64.ActiveCfg = Debug|x64
		{7B37031E-F2AE-4BE2-9F6F-005CA7A6FDF1}.Debug|x64.Build.0 = Debug|x64
		{7B37031E-F2AE-4BE2-9F6F-005CA7A6FDF1}.Release|Any CPU.ActiveCfg = Release|Any CPU
		{7B37031E-F2AE-4BE2-9F6F-005CA7A6FDF1}.Release|Any CPU.Build.0 = Release|Any CPU
		{7B37031E-F2AE-4BE2-9F6F-005CA7A6FDF1}.Release|x64.ActiveCfg = Release|x64
		{7B37031E-F2AE-4BE2-9F6F-005CA7A6FDF1}.Release|x64.Build.0 = Release|x64
		{E740C89E-3363-4577-873B-0871823E252C}.Debug|Any CPU.ActiveCfg = Debug|Any CPU
		{E740C89E-3363-4577-873B-0871823E252C}.Debug|Any CPU.Build.0 = Debug|Any CPU
		{E740C89E-3363-4577-873B-0871823E252C}.Debug|x64.ActiveCfg = Debug|x64
		{E740C89E-3363-4577-873B-0871823E252C}.Debug|x64.Build.0 = Debug|x64
		{E740C89E-3363-4577-873B-0871823E252C}.Release|Any CPU.ActiveCfg = Release|Any CPU
		{E740C89E-3363-4577-873B-0871823E252C}.Release|Any CPU.Build.0 = Release|Any CPU
		{E740C89E-3363-4577-873B-0871823E252C}.Release|x64.ActiveCfg = Release|x64
		{E740C89E-3363-4577-873B-0871823E252C}.Release|x64.Build.0 = Release|x64
	EndGlobalSection
	GlobalSection(SolutionProperties) = preSolution
		HideSolutionNode = FALSE
	EndGlobalSection
	GlobalSection(ExtensibilityGlobals) = postSolution
		SolutionGuid = {6023B6DB-4256-42E3-B993-9D1EC04A39CD}
	EndGlobalSection
EndGlobal
